
Microsoft Visual Studio Solution File, Format Version 12.00
# Visual Studio Version 17
VisualStudioVersion = 17.14.36518.9 d17.14
MinimumVisualStudioVersion = 10.0.40219.1
Project("{FAE04EC0-301F-11D3-BF4B-00C04F79EFBC}") = "MauiApp1", "MauiApp1\MauiApp1.csproj", "{5EE99413-FE74-435B-887E-330B0D2A581B}"
EndProject
Global
	GlobalSection(SolutionConfigurationPlatforms) = preSolution
		Debug|Any CPU = Debug|Any CPU
		Release|Any CPU = Release|Any CPU
	EndGlobalSection
	GlobalSection(ProjectConfigurationPlatforms) = postSolution
		{5EE99413-FE74-435B-887E-330B0D2A581B}.Debug|Any CPU.ActiveCfg = Debug|Any CPU
		{5EE99413-FE74-435B-887E-330B0D2A581B}.Debug|Any CPU.Build.0 = Debug|Any CPU
		{5EE99413-FE74-435B-887E-330B0D2A581B}.Release|Any CPU.ActiveCfg = Release|Any CPU
		{5EE99413-FE74-435B-887E-330B0D2A581B}.Release|Any CPU.Build.0 = Release|Any CPU
	EndGlobalSection
	GlobalSection(SolutionProperties) = preSolution
		HideSolutionNode = FALSE
	EndGlobalSection
	GlobalSection(ExtensibilityGlobals) = postSolution
		SolutionGuid = {4D4FF5EA-A7F6-462B-8F12-6A7AE6FFC719}
	EndGlobalSection
EndGlobal
